
Microsoft Visual Studio Solution File, Format Version 12.00
# Visual Studio Version 16
VisualStudioVersion = 16.0.30717.126
MinimumVisualStudioVersion = 10.0.40219.1
Project("{9A19103F-16F7-4668-BE54-9A1E7A4F7556}") = "Rentering.UnitTests", "Rentering.UnitTests\Rentering.UnitTests.csproj", "{99846186-4F81-4C51-8376-30BE225587A2}"
EndProject
Project("{9A19103F-16F7-4668-BE54-9A1E7A4F7556}") = "Rentering.WebAPI", "Rentering.WebAPI\Rentering.WebAPI.csproj", "{09842DD6-3797-426B-8811-8D73EBA15858}"
EndProject
Project("{2150E333-8FDC-42A3-9474-1A3956D46DE8}") = "WebApps", "WebApps", "{115C5141-2F1E-49B2-BADD-9B25CAA7E115}"
EndProject
Project("{2150E333-8FDC-42A3-9474-1A3956D46DE8}") = "Core", "Core", "{859C3DD3-4475-467F-BD3F-06EB6C7C67B0}"
EndProject
Project("{2150E333-8FDC-42A3-9474-1A3956D46DE8}") = "Accounts", "Accounts", "{67EEE968-7967-49CF-9360-DE274E759726}"
EndProject
Project("{2150E333-8FDC-42A3-9474-1A3956D46DE8}") = "Contracts", "Contracts", "{72837DF6-FC2D-4BFE-8A26-280D36AC03CA}"
EndProject
Project("{9A19103F-16F7-4668-BE54-9A1E7A4F7556}") = "Rentering.Accounts.Domain", "Rentering.Accounts.Domain\Rentering.Accounts.Domain.csproj", "{5421E9A0-3E1D-4F85-B255-EE5724D11A8F}"
EndProject
Project("{2150E333-8FDC-42A3-9474-1A3956D46DE8}") = "Common", "Common", "{377F0EA3-00E5-4F5C-88C1-1113C3AD5642}"
EndProject
Project("{9A19103F-16F7-4668-BE54-9A1E7A4F7556}") = "Rentering.Contracts.Domain", "Rentering.Contracts.Domain\Rentering.Contracts.Domain.csproj", "{8FABCA4F-5BB9-4709-B67C-6DA2E13BDFD1}"
EndProject
Project("{2150E333-8FDC-42A3-9474-1A3956D46DE8}") = "Tests", "Tests", "{4EF03B86-97D0-4DE2-8B55-5F2D78BCDFD1}"
EndProject
Project("{9A19103F-16F7-4668-BE54-9A1E7A4F7556}") = "Rentering.Common.Shared", "Rentering.Common.Shared\Rentering.Common.Shared.csproj", "{9296C2DB-49C2-42C9-B768-ACD8B950C851}"
EndProject
Project("{2150E333-8FDC-42A3-9474-1A3956D46DE8}") = "Infra", "Infra", "{1B1C2803-6392-4655-920A-4FED28912562}"
EndProject
Project("{9A19103F-16F7-4668-BE54-9A1E7A4F7556}") = "Rentering.Infra", "Rentering.Infra\Rentering.Infra.csproj", "{561926F0-CAD1-4726-9310-67256258826D}"
EndProject
Project("{9A19103F-16F7-4668-BE54-9A1E7A4F7556}") = "Rentering.Accounts.Application", "Rentering.Accounts.Application\Rentering.Accounts.Application.csproj", "{CC6B59CA-D93D-45A5-B78A-F3A044937638}"
EndProject
Project("{9A19103F-16F7-4668-BE54-9A1E7A4F7556}") = "Rentering.Contracts.Application", "Rentering.Contracts.Application\Rentering.Contracts.Application.csproj", "{5F2AFFCC-CE26-4081-B232-13D50CC65326}"
EndProject
Global
	GlobalSection(SolutionConfigurationPlatforms) = preSolution
		Debug|Any CPU = Debug|Any CPU
		Release|Any CPU = Release|Any CPU
	EndGlobalSection
	GlobalSection(ProjectConfigurationPlatforms) = postSolution
		{99846186-4F81-4C51-8376-30BE225587A2}.Debug|Any CPU.ActiveCfg = Debug|Any CPU
		{99846186-4F81-4C51-8376-30BE225587A2}.Debug|Any CPU.Build.0 = Debug|Any CPU
		{99846186-4F81-4C51-8376-30BE225587A2}.Release|Any CPU.ActiveCfg = Release|Any CPU
		{99846186-4F81-4C51-8376-30BE225587A2}.Release|Any CPU.Build.0 = Release|Any CPU
		{09842DD6-3797-426B-8811-8D73EBA15858}.Debug|Any CPU.ActiveCfg = Debug|Any CPU
		{09842DD6-3797-426B-8811-8D73EBA15858}.Debug|Any CPU.Build.0 = Debug|Any CPU
		{09842DD6-3797-426B-8811-8D73EBA15858}.Release|Any CPU.ActiveCfg = Release|Any CPU
		{09842DD6-3797-426B-8811-8D73EBA15858}.Release|Any CPU.Build.0 = Release|Any CPU
		{5421E9A0-3E1D-4F85-B255-EE5724D11A8F}.Debug|Any CPU.ActiveCfg = Debug|Any CPU
		{5421E9A0-3E1D-4F85-B255-EE5724D11A8F}.Debug|Any CPU.Build.0 = Debug|Any CPU
		{5421E9A0-3E1D-4F85-B255-EE5724D11A8F}.Release|Any CPU.ActiveCfg = Release|Any CPU
		{5421E9A0-3E1D-4F85-B255-EE5724D11A8F}.Release|Any CPU.Build.0 = Release|Any CPU
		{8FABCA4F-5BB9-4709-B67C-6DA2E13BDFD1}.Debug|Any CPU.ActiveCfg = Debug|Any CPU
		{8FABCA4F-5BB9-4709-B67C-6DA2E13BDFD1}.Debug|Any CPU.Build.0 = Debug|Any CPU
		{8FABCA4F-5BB9-4709-B67C-6DA2E13BDFD1}.Release|Any CPU.ActiveCfg = Release|Any CPU
		{8FABCA4F-5BB9-4709-B67C-6DA2E13BDFD1}.Release|Any CPU.Build.0 = Release|Any CPU
		{9296C2DB-49C2-42C9-B768-ACD8B950C851}.Debug|Any CPU.ActiveCfg = Debug|Any CPU
		{9296C2DB-49C2-42C9-B768-ACD8B950C851}.Debug|Any CPU.Build.0 = Debug|Any CPU
		{9296C2DB-49C2-42C9-B768-ACD8B950C851}.Release|Any CPU.ActiveCfg = Release|Any CPU
		{9296C2DB-49C2-42C9-B768-ACD8B950C851}.Release|Any CPU.Build.0 = Release|Any CPU
		{561926F0-CAD1-4726-9310-67256258826D}.Debug|Any CPU.ActiveCfg = Debug|Any CPU
		{561926F0-CAD1-4726-9310-67256258826D}.Debug|Any CPU.Build.0 = Debug|Any CPU
		{561926F0-CAD1-4726-9310-67256258826D}.Release|Any CPU.ActiveCfg = Release|Any CPU
		{561926F0-CAD1-4726-9310-67256258826D}.Release|Any CPU.Build.0 = Release|Any CPU
		{CC6B59CA-D93D-45A5-B78A-F3A044937638}.Debug|Any CPU.ActiveCfg = Debug|Any CPU
		{CC6B59CA-D93D-45A5-B78A-F3A044937638}.Debug|Any CPU.Build.0 = Debug|Any CPU
		{CC6B59CA-D93D-45A5-B78A-F3A044937638}.Release|Any CPU.ActiveCfg = Release|Any CPU
		{CC6B59CA-D93D-45A5-B78A-F3A044937638}.Release|Any CPU.Build.0 = Release|Any CPU
		{5F2AFFCC-CE26-4081-B232-13D50CC65326}.Debug|Any CPU.ActiveCfg = Debug|Any CPU
		{5F2AFFCC-CE26-4081-B232-13D50CC65326}.Debug|Any CPU.Build.0 = Debug|Any CPU
		{5F2AFFCC-CE26-4081-B232-13D50CC65326}.Release|Any CPU.ActiveCfg = Release|Any CPU
		{5F2AFFCC-CE26-4081-B232-13D50CC65326}.Release|Any CPU.Build.0 = Release|Any CPU
	EndGlobalSection
	GlobalSection(SolutionProperties) = preSolution
		HideSolutionNode = FALSE
	EndGlobalSection
	GlobalSection(NestedProjects) = preSolution
		{99846186-4F81-4C51-8376-30BE225587A2} = {4EF03B86-97D0-4DE2-8B55-5F2D78BCDFD1}
		{09842DD6-3797-426B-8811-8D73EBA15858} = {115C5141-2F1E-49B2-BADD-9B25CAA7E115}
		{67EEE968-7967-49CF-9360-DE274E759726} = {859C3DD3-4475-467F-BD3F-06EB6C7C67B0}
		{72837DF6-FC2D-4BFE-8A26-280D36AC03CA} = {859C3DD3-4475-467F-BD3F-06EB6C7C67B0}
		{5421E9A0-3E1D-4F85-B255-EE5724D11A8F} = {67EEE968-7967-49CF-9360-DE274E759726}
		{377F0EA3-00E5-4F5C-88C1-1113C3AD5642} = {859C3DD3-4475-467F-BD3F-06EB6C7C67B0}
		{8FABCA4F-5BB9-4709-B67C-6DA2E13BDFD1} = {72837DF6-FC2D-4BFE-8A26-280D36AC03CA}
		{9296C2DB-49C2-42C9-B768-ACD8B950C851} = {377F0EA3-00E5-4F5C-88C1-1113C3AD5642}
		{561926F0-CAD1-4726-9310-67256258826D} = {1B1C2803-6392-4655-920A-4FED28912562}
		{CC6B59CA-D93D-45A5-B78A-F3A044937638} = {67EEE968-7967-49CF-9360-DE274E759726}
		{5F2AFFCC-CE26-4081-B232-13D50CC65326} = {72837DF6-FC2D-4BFE-8A26-280D36AC03CA}
	EndGlobalSection
	GlobalSection(ExtensibilityGlobals) = postSolution
		SolutionGuid = {A9C75668-7F42-4E1E-A89E-2B1417D739BD}
	EndGlobalSection
EndGlobal
